
Microsoft Visual Studio Solution File, Format Version 12.00
# Visual Studio 15
VisualStudioVersion = 15.0.27703.2047
MinimumVisualStudioVersion = 10.0.40219.1
Project("{9A19103F-16F7-4668-BE54-9A1E7A4F7556}") = "P001_HelloWorld", "HelloWorld\P001_HelloWorld.csproj", "{33DF5009-FFBB-4782-ADF4-90E51077CA6B}"
EndProject
Project("{2150E333-8FDC-42A3-9474-1A3956D46DE8}") = "Solution Items", "Solution Items", "{5A2B6CEC-4693-4AF4-A154-4C0A0EE9A020}"
	ProjectSection(SolutionItems) = preProject
		Proto.Actor.pptx = Proto.Actor.pptx
	EndProjectSection
EndProject
Project("{9A19103F-16F7-4668-BE54-9A1E7A4F7556}") = "P002_CustomProps", "P002_CustomProps\P002_CustomProps.csproj", "{E4BE6ECE-5E9E-4944-BC3C-DC4F549167F5}"
EndProject
Project("{9A19103F-16F7-4668-BE54-9A1E7A4F7556}") = "P003_SpawningActors", "P003_SpawningActors\P003_SpawningActors.csproj", "{BD834161-9EDD-4C23-927B-566C1FC44E03}"
EndProject
Project("{9A19103F-16F7-4668-BE54-9A1E7A4F7556}") = "P004_PID", "P004_PID\P004_PID.csproj", "{81E80FDA-50E5-49AF-BF5C-706CE30585C3}"
EndProject
Project("{9A19103F-16F7-4668-BE54-9A1E7A4F7556}") = "P005_Mailboxes", "P005_Mailboxes\P005_Mailboxes.csproj", "{79507A23-FD0D-4CBB-B5F7-74336E2EB8A2}"
EndProject
Project("{9A19103F-16F7-4668-BE54-9A1E7A4F7556}") = "P006_Supervision", "P006_Supervision\P006_Supervision.csproj", "{447B2119-EFB7-4BBD-B2DF-FC5483A1C282}"
EndProject
Project("{9A19103F-16F7-4668-BE54-9A1E7A4F7556}") = "P007_Behaviors", "P007_Behaviors\P007_Behaviors.csproj", "{3D8DDCD1-36BA-4011-8351-A7F7FA6AD21C}"
EndProject
Project("{9A19103F-16F7-4668-BE54-9A1E7A4F7556}") = "P100_Saga", "P100_Saga\P100_Saga.csproj", "{06E26F13-1BA7-43A2-A1FC-EB4A0DA5E182}"
EndProject
Project("{FAE04EC0-301F-11D3-BF4B-00C04F79EFBC}") = "P008_Persistence", "P008_Persistence\P008_Persistence.csproj", "{61588187-9DA7-45FF-96D7-E15F172A2361}"
EndProject
Global
	GlobalSection(SolutionConfigurationPlatforms) = preSolution
		Debug|Any CPU = Debug|Any CPU
		Release|Any CPU = Release|Any CPU
	EndGlobalSection
	GlobalSection(ProjectConfigurationPlatforms) = postSolution
		{33DF5009-FFBB-4782-ADF4-90E51077CA6B}.Debug|Any CPU.ActiveCfg = Debug|Any CPU
		{33DF5009-FFBB-4782-ADF4-90E51077CA6B}.Debug|Any CPU.Build.0 = Debug|Any CPU
		{33DF5009-FFBB-4782-ADF4-90E51077CA6B}.Release|Any CPU.ActiveCfg = Release|Any CPU
		{33DF5009-FFBB-4782-ADF4-90E51077CA6B}.Release|Any CPU.Build.0 = Release|Any CPU
		{E4BE6ECE-5E9E-4944-BC3C-DC4F549167F5}.Debug|Any CPU.ActiveCfg = Debug|Any CPU
		{E4BE6ECE-5E9E-4944-BC3C-DC4F549167F5}.Debug|Any CPU.Build.0 = Debug|Any CPU
		{E4BE6ECE-5E9E-4944-BC3C-DC4F549167F5}.Release|Any CPU.ActiveCfg = Release|Any CPU
		{E4BE6ECE-5E9E-4944-BC3C-DC4F549167F5}.Release|Any CPU.Build.0 = Release|Any CPU
		{BD834161-9EDD-4C23-927B-566C1FC44E03}.Debug|Any CPU.ActiveCfg = Debug|Any CPU
		{BD834161-9EDD-4C23-927B-566C1FC44E03}.Debug|Any CPU.Build.0 = Debug|Any CPU
		{BD834161-9EDD-4C23-927B-566C1FC44E03}.Release|Any CPU.ActiveCfg = Release|Any CPU
		{BD834161-9EDD-4C23-927B-566C1FC44E03}.Release|Any CPU.Build.0 = Release|Any CPU
		{81E80FDA-50E5-49AF-BF5C-706CE30585C3}.Debug|Any CPU.ActiveCfg = Debug|Any CPU
		{81E80FDA-50E5-49AF-BF5C-706CE30585C3}.Debug|Any CPU.Build.0 = Debug|Any CPU
		{81E80FDA-50E5-49AF-BF5C-706CE30585C3}.Release|Any CPU.ActiveCfg = Release|Any CPU
		{81E80FDA-50E5-49AF-BF5C-706CE30585C3}.Release|Any CPU.Build.0 = Release|Any CPU
		{79507A23-FD0D-4CBB-B5F7-74336E2EB8A2}.Debug|Any CPU.ActiveCfg = Debug|Any CPU
		{79507A23-FD0D-4CBB-B5F7-74336E2EB8A2}.Debug|Any CPU.Build.0 = Debug|Any CPU
		{79507A23-FD0D-4CBB-B5F7-74336E2EB8A2}.Release|Any CPU.ActiveCfg = Release|Any CPU
		{79507A23-FD0D-4CBB-B5F7-74336E2EB8A2}.Release|Any CPU.Build.0 = Release|Any CPU
		{447B2119-EFB7-4BBD-B2DF-FC5483A1C282}.Debug|Any CPU.ActiveCfg = Debug|Any CPU
		{447B2119-EFB7-4BBD-B2DF-FC5483A1C282}.Debug|Any CPU.Build.0 = Debug|Any CPU
		{447B2119-EFB7-4BBD-B2DF-FC5483A1C282}.Release|Any CPU.ActiveCfg = Release|Any CPU
		{447B2119-EFB7-4BBD-B2DF-FC5483A1C282}.Release|Any CPU.Build.0 = Release|Any CPU
		{3D8DDCD1-36BA-4011-8351-A7F7FA6AD21C}.Debug|Any CPU.ActiveCfg = Debug|Any CPU
		{3D8DDCD1-36BA-4011-8351-A7F7FA6AD21C}.Debug|Any CPU.Build.0 = Debug|Any CPU
		{3D8DDCD1-36BA-4011-8351-A7F7FA6AD21C}.Release|Any CPU.ActiveCfg = Release|Any CPU
		{3D8DDCD1-36BA-4011-8351-A7F7FA6AD21C}.Release|Any CPU.Build.0 = Release|Any CPU
		{06E26F13-1BA7-43A2-A1FC-EB4A0DA5E182}.Debug|Any CPU.ActiveCfg = Debug|Any CPU
		{06E26F13-1BA7-43A2-A1FC-EB4A0DA5E182}.Debug|Any CPU.Build.0 = Debug|Any CPU
		{06E26F13-1BA7-43A2-A1FC-EB4A0DA5E182}.Release|Any CPU.ActiveCfg = Release|Any CPU
		{06E26F13-1BA7-43A2-A1FC-EB4A0DA5E182}.Release|Any CPU.Build.0 = Release|Any CPU
		{61588187-9DA7-45FF-96D7-E15F172A2361}.Debug|Any CPU.ActiveCfg = Debug|Any CPU
		{61588187-9DA7-45FF-96D7-E15F172A2361}.Debug|Any CPU.Build.0 = Debug|Any CPU
		{61588187-9DA7-45FF-96D7-E15F172A2361}.Release|Any CPU.ActiveCfg = Release|Any CPU
		{61588187-9DA7-45FF-96D7-E15F172A2361}.Release|Any CPU.Build.0 = Release|Any CPU
	EndGlobalSection
	GlobalSection(SolutionProperties) = preSolution
		HideSolutionNode = FALSE
	EndGlobalSection
	GlobalSection(ExtensibilityGlobals) = postSolution
		SolutionGuid = {CEC9535A-F959-4163-A0F8-41B6874BDBF3}
	EndGlobalSection
EndGlobal
